// !$*UTF8*$!
{
	archiveVersion = 1;
	classes = {
	};
	objectVersion = 56;
	objects = {

/* Begin PBXBuildFile section */
		9F1C21622C4E76BC00161A8B /* NewCardView.swift in Sources */ = {isa = PBXBuildFile; fileRef = 9F1C21612C4E76BC00161A8B /* NewCardView.swift */; };
		9F264B612C59F23B00BFBC50 /* Transactions.swift in Sources */ = {isa = PBXBuildFile; fileRef = 9F264B602C59F23B00BFBC50 /* Transactions.swift */; };
		9F6151042C3F2758007F743C /* Bilancio_betaApp.swift in Sources */ = {isa = PBXBuildFile; fileRef = 9F6151032C3F2758007F743C /* Bilancio_betaApp.swift */; };
		9F6151082C3F275A007F743C /* Assets.xcassets in Resources */ = {isa = PBXBuildFile; fileRef = 9F6151072C3F275A007F743C /* Assets.xcassets */; };
		9F61510B2C3F275A007F743C /* Preview Assets.xcassets in Resources */ = {isa = PBXBuildFile; fileRef = 9F61510A2C3F275A007F743C /* Preview Assets.xcassets */; };
		9F9DD9072C4862CC00F4DD84 /* DataStore.swift in Sources */ = {isa = PBXBuildFile; fileRef = 9F9DD9062C4862CC00F4DD84 /* DataStore.swift */; };
		9F9DD9092C4866FE00F4DD84 /* Card.swift in Sources */ = {isa = PBXBuildFile; fileRef = 9F9DD9082C4866FE00F4DD84 /* Card.swift */; };
		9F9DD90B2C4A326300F4DD84 /* CardView.swift in Sources */ = {isa = PBXBuildFile; fileRef = 9F9DD90A2C4A326300F4DD84 /* CardView.swift */; };
		9F9DD90E2C4A3C0800F4DD84 /* MarkCodable in Frameworks */ = {isa = PBXBuildFile; productRef = 9F9DD90D2C4A3C0800F4DD84 /* MarkCodable */; };
		9F9DD9102C4A3C0800F4DD84 /* marktest in Frameworks */ = {isa = PBXBuildFile; productRef = 9F9DD90F2C4A3C0800F4DD84 /* marktest */; };
		9F9DD9122C4A85C100F4DD84 /* Entity.swift in Sources */ = {isa = PBXBuildFile; fileRef = 9F9DD9112C4A85C100F4DD84 /* Entity.swift */; };
/* End PBXBuildFile section */

/* Begin PBXFileReference section */
		9F1C21612C4E76BC00161A8B /* NewCardView.swift */ = {isa = PBXFileReference; lastKnownFileType = sourcecode.swift; path = NewCardView.swift; sourceTree = "<group>"; };
		9F264B602C59F23B00BFBC50 /* Transactions.swift */ = {isa = PBXFileReference; lastKnownFileType = sourcecode.swift; path = Transactions.swift; sourceTree = "<group>"; };
		9F6151002C3F2758007F743C /* Bilancio_beta.app */ = {isa = PBXFileReference; explicitFileType = wrapper.application; includeInIndex = 0; path = Bilancio_beta.app; sourceTree = BUILT_PRODUCTS_DIR; };
		9F6151032C3F2758007F743C /* Bilancio_betaApp.swift */ = {isa = PBXFileReference; lastKnownFileType = sourcecode.swift; path = Bilancio_betaApp.swift; sourceTree = "<group>"; };
		9F6151072C3F275A007F743C /* Assets.xcassets */ = {isa = PBXFileReference; lastKnownFileType = folder.assetcatalog; path = Assets.xcassets; sourceTree = "<group>"; };
		9F61510A2C3F275A007F743C /* Preview Assets.xcassets */ = {isa = PBXFileReference; lastKnownFileType = folder.assetcatalog; path = "Preview Assets.xcassets"; sourceTree = "<group>"; };
		9F9DD9062C4862CC00F4DD84 /* DataStore.swift */ = {isa = PBXFileReference; lastKnownFileType = sourcecode.swift; path = DataStore.swift; sourceTree = "<group>"; };
		9F9DD9082C4866FE00F4DD84 /* Card.swift */ = {isa = PBXFileReference; lastKnownFileType = sourcecode.swift; path = Card.swift; sourceTree = "<group>"; };
		9F9DD90A2C4A326300F4DD84 /* CardView.swift */ = {isa = PBXFileReference; lastKnownFileType = sourcecode.swift; path = CardView.swift; sourceTree = "<group>"; };
		9F9DD9112C4A85C100F4DD84 /* Entity.swift */ = {isa = PBXFileReference; lastKnownFileType = sourcecode.swift; path = Entity.swift; sourceTree = "<group>"; };
/* End PBXFileReference section */

/* Begin PBXFrameworksBuildPhase section */
		9F6150FD2C3F2758007F743C /* Frameworks */ = {
			isa = PBXFrameworksBuildPhase;
			buildActionMask = 2147483647;
			files = (
				9F9DD90E2C4A3C0800F4DD84 /* MarkCodable in Frameworks */,
				9F9DD9102C4A3C0800F4DD84 /* marktest in Frameworks */,
			);
			runOnlyForDeploymentPostprocessing = 0;
		};
/* End PBXFrameworksBuildPhase section */

/* Begin PBXGroup section */
		9F6150F72C3F2758007F743C = {
			isa = PBXGroup;
			children = (
				9F6151022C3F2758007F743C /* Bilancio_beta */,
				9F6151012C3F2758007F743C /* Products */,
			);
			sourceTree = "<group>";
		};
		9F6151012C3F2758007F743C /* Products */ = {
			isa = PBXGroup;
			children = (
				9F6151002C3F2758007F743C /* Bilancio_beta.app */,
			);
			name = Products;
			sourceTree = "<group>";
		};
		9F6151022C3F2758007F743C /* Bilancio_beta */ = {
			isa = PBXGroup;
			children = (
				9F9DD8FB2C478DA000F4DD84 /* ModelData */,
				9F9DD8F62C46A1D100F4DD84 /* Model */,
				9F6151112C3F2766007F743C /* Views */,
				9F6151032C3F2758007F743C /* Bilancio_betaApp.swift */,
				9F6151072C3F275A007F743C /* Assets.xcassets */,
				9F6151092C3F275A007F743C /* Preview Content */,
			);
			path = Bilancio_beta;
			sourceTree = "<group>";
		};
		9F6151092C3F275A007F743C /* Preview Content */ = {
			isa = PBXGroup;
			children = (
				9F61510A2C3F275A007F743C /* Preview Assets.xcassets */,
			);
			path = "Preview Content";
			sourceTree = "<group>";
		};
		9F6151112C3F2766007F743C /* Views */ = {
			isa = PBXGroup;
			children = (
				9F9DD90A2C4A326300F4DD84 /* CardView.swift */,
				9F9DD9112C4A85C100F4DD84 /* Entity.swift */,
				9F1C21612C4E76BC00161A8B /* NewCardView.swift */,
				9F264B602C59F23B00BFBC50 /* Transactions.swift */,
			);
			path = Views;
			sourceTree = "<group>";
		};
		9F9DD8F62C46A1D100F4DD84 /* Model */ = {
			isa = PBXGroup;
			children = (
				9F9DD9082C4866FE00F4DD84 /* Card.swift */,
			);
			path = Model;
			sourceTree = "<group>";
		};
		9F9DD8FB2C478DA000F4DD84 /* ModelData */ = {
			isa = PBXGroup;
			children = (
				9F9DD9062C4862CC00F4DD84 /* DataStore.swift */,
			);
			path = ModelData;
			sourceTree = "<group>";
		};
/* End PBXGroup section */

/* Begin PBXNativeTarget section */
		9F6150FF2C3F2758007F743C /* Bilancio_beta */ = {
			isa = PBXNativeTarget;
			buildConfigurationList = 9F61510E2C3F275A007F743C /* Build configuration list for PBXNativeTarget "Bilancio_beta" */;
			buildPhases = (
				9F6150FC2C3F2758007F743C /* Sources */,
				9F6150FD2C3F2758007F743C /* Frameworks */,
				9F6150FE2C3F2758007F743C /* Resources */,
			);
			buildRules = (
			);
			dependencies = (
			);
			name = Bilancio_beta;
			packageProductDependencies = (
				9F9DD90D2C4A3C0800F4DD84 /* MarkCodable */,
				9F9DD90F2C4A3C0800F4DD84 /* marktest */,
			);
			productName = Bilancio_beta;
			productReference = 9F6151002C3F2758007F743C /* Bilancio_beta.app */;
			productType = "com.apple.product-type.application";
		};
/* End PBXNativeTarget section */

/* Begin PBXProject section */
		9F6150F82C3F2758007F743C /* Project object */ = {
			isa = PBXProject;
			attributes = {
				BuildIndependentTargetsInParallel = 1;
				LastSwiftUpdateCheck = 1500;
				LastUpgradeCheck = 1500;
				TargetAttributes = {
					9F6150FF2C3F2758007F743C = {
						CreatedOnToolsVersion = 15.0;
					};
				};
			};
			buildConfigurationList = 9F6150FB2C3F2758007F743C /* Build configuration list for PBXProject "Bilancio_beta" */;
			compatibilityVersion = "Xcode 14.0";
			developmentRegion = en;
			hasScannedForEncodings = 0;
			knownRegions = (
				en,
				Base,
			);
			mainGroup = 9F6150F72C3F2758007F743C;
			packageReferences = (
				9F9DD90C2C4A3C0700F4DD84 /* XCRemoteSwiftPackageReference "MarkCodable" */,
			);
			productRefGroup = 9F6151012C3F2758007F743C /* Products */;
			projectDirPath = "";
			projectRoot = "";
			targets = (
				9F6150FF2C3F2758007F743C /* Bilancio_beta */,
			);
		};
/* End PBXProject section */

/* Begin PBXResourcesBuildPhase section */
		9F6150FE2C3F2758007F743C /* Resources */ = {
			isa = PBXResourcesBuildPhase;
			buildActionMask = 2147483647;
			files = (
				9F61510B2C3F275A007F743C /* Preview Assets.xcassets in Resources */,
				9F6151082C3F275A007F743C /* Assets.xcassets in Resources */,
			);
			runOnlyForDeploymentPostprocessing = 0;
		};
/* End PBXResourcesBuildPhase section */

/* Begin PBXSourcesBuildPhase section */
		9F6150FC2C3F2758007F743C /* Sources */ = {
			isa = PBXSourcesBuildPhase;
			buildActionMask = 2147483647;
			files = (
				9F6151042C3F2758007F743C /* Bilancio_betaApp.swift in Sources */,
				9F1C21622C4E76BC00161A8B /* NewCardView.swift in Sources */,
				9F264B612C59F23B00BFBC50 /* Transactions.swift in Sources */,
				9F9DD90B2C4A326300F4DD84 /* CardView.swift in Sources */,
				9F9DD9122C4A85C100F4DD84 /* Entity.swift in Sources */,
				9F9DD9092C4866FE00F4DD84 /* Card.swift in Sources */,
				9F9DD9072C4862CC00F4DD84 /* DataStore.swift in Sources */,
			);
			runOnlyForDeploymentPostprocessing = 0;
		};
/* End PBXSourcesBuildPhase section */

/* Begin XCBuildConfiguration section */
		9F61510C2C3F275A007F743C /* Debug */ = {
			isa = XCBuildConfiguration;
			buildSettings = {
				ALWAYS_SEARCH_USER_PATHS = NO;
				ASSETCATALOG_COMPILER_GENERATE_SWIFT_ASSET_SYMBOL_EXTENSIONS = YES;
				CLANG_ANALYZER_NONNULL = YES;
				CLANG_ANALYZER_NUMBER_OBJECT_CONVERSION = YES_AGGRESSIVE;
				CLANG_CXX_LANGUAGE_STANDARD = "gnu++20";
				CLANG_ENABLE_MODULES = YES;
				CLANG_ENABLE_OBJC_ARC = YES;
				CLANG_ENABLE_OBJC_WEAK = YES;
				CLANG_WARN_BLOCK_CAPTURE_AUTORELEASING = YES;
				CLANG_WARN_BOOL_CONVERSION = YES;
				CLANG_WARN_COMMA = YES;
				CLANG_WARN_CONSTANT_CONVERSION = YES;
				CLANG_WARN_DEPRECATED_OBJC_IMPLEMENTATIONS = YES;
				CLANG_WARN_DIRECT_OBJC_ISA_USAGE = YES_ERROR;
				CLANG_WARN_DOCUMENTATION_COMMENTS = YES;
				CLANG_WARN_EMPTY_BODY = YES;
				CLANG_WARN_ENUM_CONVERSION = YES;
				CLANG_WARN_INFINITE_RECURSION = YES;
				CLANG_WARN_INT_CONVERSION = YES;
				CLANG_WARN_NON_LITERAL_NULL_CONVERSION = YES;
				CLANG_WARN_OBJC_IMPLICIT_RETAIN_SELF = YES;
				CLANG_WARN_OBJC_LITERAL_CONVERSION = YES;
				CLANG_WARN_OBJC_ROOT_CLASS = YES_ERROR;
				CLANG_WARN_QUOTED_INCLUDE_IN_FRAMEWORK_HEADER = YES;
				CLANG_WARN_RANGE_LOOP_ANALYSIS = YES;
				CLANG_WARN_STRICT_PROTOTYPES = YES;
				CLANG_WARN_SUSPICIOUS_MOVE = YES;
				CLANG_WARN_UNGUARDED_AVAILABILITY = YES_AGGRESSIVE;
				CLANG_WARN_UNREACHABLE_CODE = YES;
				CLANG_WARN__DUPLICATE_METHOD_MATCH = YES;
				COPY_PHASE_STRIP = NO;
				DEBUG_INFORMATION_FORMAT = dwarf;
				ENABLE_STRICT_OBJC_MSGSEND = YES;
				ENABLE_TESTABILITY = YES;
				ENABLE_USER_SCRIPT_SANDBOXING = YES;
				GCC_C_LANGUAGE_STANDARD = gnu17;
				GCC_DYNAMIC_NO_PIC = NO;
				GCC_NO_COMMON_BLOCKS = YES;
				GCC_OPTIMIZATION_LEVEL = 0;
				GCC_PREPROCESSOR_DEFINITIONS = (
					"DEBUG=1",
					"$(inherited)",
				);
				GCC_WARN_64_TO_32_BIT_CONVERSION = YES;
				GCC_WARN_ABOUT_RETURN_TYPE = YES_ERROR;
				GCC_WARN_UNDECLARED_SELECTOR = YES;
				GCC_WARN_UNINITIALIZED_AUTOS = YES_AGGRESSIVE;
				GCC_WARN_UNUSED_FUNCTION = YES;
				GCC_WARN_UNUSED_VARIABLE = YES;
				IPHONEOS_DEPLOYMENT_TARGET = 17.0;
				LOCALIZATION_PREFERS_STRING_CATALOGS = YES;
				MTL_ENABLE_DEBUG_INFO = INCLUDE_SOURCE;
				MTL_FAST_MATH = YES;
				ONLY_ACTIVE_ARCH = YES;
				SDKROOT = iphoneos;
				SWIFT_ACTIVE_COMPILATION_CONDITIONS = "DEBUG $(inherited)";
				SWIFT_OPTIMIZATION_LEVEL = "-Onone";
			};
			name = Debug;
		};
		9F61510D2C3F275A007F743C /* Release */ = {
			isa = XCBuildConfiguration;
			buildSettings = {
				ALWAYS_SEARCH_USER_PATHS = NO;
				ASSETCATALOG_COMPILER_GENERATE_SWIFT_ASSET_SYMBOL_EXTENSIONS = YES;
				CLANG_ANALYZER_NONNULL = YES;
				CLANG_ANALYZER_NUMBER_OBJECT_CONVERSION = YES_AGGRESSIVE;
				CLANG_CXX_LANGUAGE_STANDARD = "gnu++20";
				CLANG_ENABLE_MODULES = YES;
				CLANG_ENABLE_OBJC_ARC = YES;
				CLANG_ENABLE_OBJC_WEAK = YES;
				CLANG_WARN_BLOCK_CAPTURE_AUTORELEASING = YES;
				CLANG_WARN_BOOL_CONVERSION = YES;
				CLANG_WARN_COMMA = YES;
				CLANG_WARN_CONSTANT_CONVERSION = YES;
				CLANG_WARN_DEPRECATED_OBJC_IMPLEMENTATIONS = YES;
				CLANG_WARN_DIRECT_OBJC_ISA_USAGE = YES_ERROR;
				CLANG_WARN_DOCUMENTATION_COMMENTS = YES;
				CLANG_WARN_EMPTY_BODY = YES;
				CLANG_WARN_ENUM_CONVERSION = YES;
				CLANG_WARN_INFINITE_RECURSION = YES;
				CLANG_WARN_INT_CONVERSION = YES;
				CLANG_WARN_NON_LITERAL_NULL_CONVERSION = YES;
				CLANG_WARN_OBJC_IMPLICIT_RETAIN_SELF = YES;
				CLANG_WARN_OBJC_LITERAL_CONVERSION = YES;
				CLANG_WARN_OBJC_ROOT_CLASS = YES_ERROR;
				CLANG_WARN_QUOTED_INCLUDE_IN_FRAMEWORK_HEADER = YES;
				CLANG_WARN_RANGE_LOOP_ANALYSIS = YES;
				CLANG_WARN_STRICT_PROTOTYPES = YES;
				CLANG_WARN_SUSPICIOUS_MOVE = YES;
				CLANG_WARN_UNGUARDED_AVAILABILITY = YES_AGGRESSIVE;
				CLANG_WARN_UNREACHABLE_CODE = YES;
				CLANG_WARN__DUPLICATE_METHOD_MATCH = YES;
				COPY_PHASE_STRIP = NO;
				DEBUG_INFORMATION_FORMAT = "dwarf-with-dsym";
				ENABLE_NS_ASSERTIONS = NO;
				ENABLE_STRICT_OBJC_MSGSEND = YES;
				ENABLE_USER_SCRIPT_SANDBOXING = YES;
				GCC_C_LANGUAGE_STANDARD = gnu17;
				GCC_NO_COMMON_BLOCKS = YES;
				GCC_WARN_64_TO_32_BIT_CONVERSION = YES;
				GCC_WARN_ABOUT_RETURN_TYPE = YES_ERROR;
				GCC_WARN_UNDECLARED_SELECTOR = YES;
				GCC_WARN_UNINITIALIZED_AUTOS = YES_AGGRESSIVE;
				GCC_WARN_UNUSED_FUNCTION = YES;
				GCC_WARN_UNUSED_VARIABLE = YES;
				IPHONEOS_DEPLOYMENT_TARGET = 17.0;
				LOCALIZATION_PREFERS_STRING_CATALOGS = YES;
				MTL_ENABLE_DEBUG_INFO = NO;
				MTL_FAST_MATH = YES;
				SDKROOT = iphoneos;
				SWIFT_COMPILATION_MODE = wholemodule;
				VALIDATE_PRODUCT = YES;
			};
			name = Release;
		};
		9F61510F2C3F275A007F743C /* Debug */ = {
			isa = XCBuildConfiguration;
			buildSettings = {
				ASSETCATALOG_COMPILER_APPICON_NAME = AppIcon;
				ASSETCATALOG_COMPILER_GLOBAL_ACCENT_COLOR_NAME = AccentColor;
				CODE_SIGN_IDENTITY = "Apple Development";
				CODE_SIGN_STYLE = Automatic;
				CURRENT_PROJECT_VERSION = 1;
				DEVELOPMENT_ASSET_PATHS = "\"Bilancio_beta/Preview Content\"";
				DEVELOPMENT_TEAM = H69M8KLTZ5;
				ENABLE_PREVIEWS = YES;
				GENERATE_INFOPLIST_FILE = YES;
				INFOPLIST_KEY_UIApplicationSceneManifest_Generation = YES;
				INFOPLIST_KEY_UIApplicationSupportsIndirectInputEvents = YES;
				INFOPLIST_KEY_UILaunchScreen_Generation = YES;
				INFOPLIST_KEY_UISupportedInterfaceOrientations_iPad = "UIInterfaceOrientationPortrait UIInterfaceOrientationPortraitUpsideDown UIInterfaceOrientationLandscapeLeft UIInterfaceOrientationLandscapeRight";
				INFOPLIST_KEY_UISupportedInterfaceOrientations_iPhone = "UIInterfaceOrientationPortrait UIInterfaceOrientationLandscapeLeft UIInterfaceOrientationLandscapeRight";
				LD_RUNPATH_SEARCH_PATHS = (
					"$(inherited)",
					"@executable_path/Frameworks",
				);
				MARKETING_VERSION = 1.0;
				PRODUCT_BUNDLE_IDENTIFIER = "com.anacvasniuc.Bilancio-beta";
				PRODUCT_NAME = "$(TARGET_NAME)";
				PROVISIONING_PROFILE_SPECIFIER = "";
				SWIFT_EMIT_LOC_STRINGS = YES;
				SWIFT_VERSION = 5.0;
				TARGETED_DEVICE_FAMILY = "1,2";
			};
			name = Debug;
		};
		9F6151102C3F275A007F743C /* Release */ = {
			isa = XCBuildConfiguration;
			buildSettings = {
				ASSETCATALOG_COMPILER_APPICON_NAME = AppIcon;
				ASSETCATALOG_COMPILER_GLOBAL_ACCENT_COLOR_NAME = AccentColor;
				CODE_SIGN_IDENTITY = "Apple Development";
				CODE_SIGN_STYLE = Automatic;
				CURRENT_PROJECT_VERSION = 1;
				DEVELOPMENT_ASSET_PATHS = "\"Bilancio_beta/Preview Content\"";
				DEVELOPMENT_TEAM = H69M8KLTZ5;
				ENABLE_PREVIEWS = YES;
				GENERATE_INFOPLIST_FILE = YES;
				INFOPLIST_KEY_UIApplicationSceneManifest_Generation = YES;
				INFOPLIST_KEY_UIApplicationSupportsIndirectInputEvents = YES;
				INFOPLIST_KEY_UILaunchScreen_Generation = YES;
				INFOPLIST_KEY_UISupportedInterfaceOrientations_iPad = "UIInterfaceOrientationPortrait UIInterfaceOrientationPortraitUpsideDown UIInterfaceOrientationLandscapeLeft UIInterfaceOrientationLandscapeRight";
				INFOPLIST_KEY_UISupportedInterfaceOrientations_iPhone = "UIInterfaceOrientationPortrait UIInterfaceOrientationLandscapeLeft UIInterfaceOrientationLandscapeRight";
				LD_RUNPATH_SEARCH_PATHS = (
					"$(inherited)",
					"@executable_path/Frameworks",
				);
				MARKETING_VERSION = 1.0;
				PRODUCT_BUNDLE_IDENTIFIER = "com.anacvasniuc.Bilancio-beta";
				PRODUCT_NAME = "$(TARGET_NAME)";
				PROVISIONING_PROFILE_SPECIFIER = "";
				SWIFT_EMIT_LOC_STRINGS = YES;
				SWIFT_VERSION = 5.0;
				TARGETED_DEVICE_FAMILY = "1,2";
			};
			name = Release;
		};
/* End XCBuildConfiguration section */

/* Begin XCConfigurationList section */
		9F6150FB2C3F2758007F743C /* Build configuration list for PBXProject "Bilancio_beta" */ = {
			isa = XCConfigurationList;
			buildConfigurations = (
				9F61510C2C3F275A007F743C /* Debug */,
				9F61510D2C3F275A007F743C /* Release */,
			);
			defaultConfigurationIsVisible = 0;
			defaultConfigurationName = Release;
		};
		9F61510E2C3F275A007F743C /* Build configuration list for PBXNativeTarget "Bilancio_beta" */ = {
			isa = XCConfigurationList;
			buildConfigurations = (
				9F61510F2C3F275A007F743C /* Debug */,
				9F6151102C3F275A007F743C /* Release */,
			);
			defaultConfigurationIsVisible = 0;
			defaultConfigurationName = Release;
		};
/* End XCConfigurationList section */

/* Begin XCRemoteSwiftPackageReference section */
		9F9DD90C2C4A3C0700F4DD84 /* XCRemoteSwiftPackageReference "MarkCodable" */ = {
			isa = XCRemoteSwiftPackageReference;
			repositoryURL = "https://github.com/MarkCodable/MarkCodable.git";
			requirement = {
				kind = upToNextMajorVersion;
				minimumVersion = 0.6.9;
			};
		};
/* End XCRemoteSwiftPackageReference section */

/* Begin XCSwiftPackageProductDependency section */
		9F9DD90D2C4A3C0800F4DD84 /* MarkCodable */ = {
			isa = XCSwiftPackageProductDependency;
			package = 9F9DD90C2C4A3C0700F4DD84 /* XCRemoteSwiftPackageReference "MarkCodable" */;
			productName = MarkCodable;
		};
		9F9DD90F2C4A3C0800F4DD84 /* marktest */ = {
			isa = XCSwiftPackageProductDependency;
			package = 9F9DD90C2C4A3C0700F4DD84 /* XCRemoteSwiftPackageReference "MarkCodable" */;
			productName = marktest;
		};
/* End XCSwiftPackageProductDependency section */
	};
	rootObject = 9F6150F82C3F2758007F743C /* Project object */;
}
